
Microsoft Visual Studio Solution File, Format Version 12.00
# Visual Studio Version 17
VisualStudioVersion = 17.10.34928.147
MinimumVisualStudioVersion = 10.0.40219.1
Project("{FAE04EC0-301F-11D3-BF4B-00C04F79EFBC}") = "Liste", "Liste\Liste.csproj", "{BC8666F9-2954-4B9B-B7A4-F6E4617D4CFA}"
EndProject
Global
	GlobalSection(SolutionConfigurationPlatforms) = preSolution
		Debug|Any CPU = Debug|Any CPU
		Release|Any CPU = Release|Any CPU
	EndGlobalSection
	GlobalSection(ProjectConfigurationPlatforms) = postSolution
		{BC8666F9-2954-4B9B-B7A4-F6E4617D4CFA}.Debug|Any CPU.ActiveCfg = Debug|Any CPU
		{BC8666F9-2954-4B9B-B7A4-F6E4617D4CFA}.Debug|Any CPU.Build.0 = Debug|Any CPU
		{BC8666F9-2954-4B9B-B7A4-F6E4617D4CFA}.Release|Any CPU.ActiveCfg = Release|Any CPU
		{BC8666F9-2954-4B9B-B7A4-F6E4617D4CFA}.Release|Any CPU.Build.0 = Release|Any CPU
	EndGlobalSection
	GlobalSection(SolutionProperties) = preSolution
		HideSolutionNode = FALSE
	EndGlobalSection
	GlobalSection(ExtensibilityGlobals) = postSolution
		SolutionGuid = {66508CE5-E7DA-4AF7-928C-6D7706EFDFF9}
	EndGlobalSection
EndGlobal
